Microsoft Visual Studio Solution File, Format Version 12.00
# Visual Studio Version 17
VisualStudioVersion = 17.5.2.0
MinimumVisualStudioVersion = 10.0.40219.1
Project("{2150E333-8FDC-42A3-9474-1A3956D46DE8}") = "services", "services", "{5854FF58-B8C5-05C6-5BF2-ACE42193F22B}"
EndProject
Project("{2150E333-8FDC-42A3-9474-1A3956D46DE8}") = "workflow-service", "workflow-service", "{12B06DD3-08F7-DAA4-DD63-A57C85C8140D}"
EndProject
Project("{FAE04EC0-301F-11D3-BF4B-00C04F79EFBC}") = "WorkflowService", "services\workflow-service\WorkflowService.csproj", "{5036BFF3-0232-CB20-7268-5ED72F58B378}"
EndProject
Global
	GlobalSection(SolutionConfigurationPlatforms) = preSolution
		Debug|Any CPU = Debug|Any CPU
		Release|Any CPU = Release|Any CPU
	EndGlobalSection
	GlobalSection(ProjectConfigurationPlatforms) = postSolution
		{5036BFF3-0232-CB20-7268-5ED72F58B378}.Debug|Any CPU.ActiveCfg = Debug|Any CPU
		{5036BFF3-0232-CB20-7268-5ED72F58B378}.Debug|Any CPU.Build.0 = Debug|Any CPU
		{5036BFF3-0232-CB20-7268-5ED72F58B378}.Release|Any CPU.ActiveCfg = Release|Any CPU
		{5036BFF3-0232-CB20-7268-5ED72F58B378}.Release|Any CPU.Build.0 = Release|Any CPU
	EndGlobalSection
	GlobalSection(SolutionProperties) = preSolution
		HideSolutionNode = FALSE
	EndGlobalSection
	GlobalSection(NestedProjects) = preSolution
		{12B06DD3-08F7-DAA4-DD63-A57C85C8140D} = {5854FF58-B8C5-05C6-5BF2-ACE42193F22B}
		{5036BFF3-0232-CB20-7268-5ED72F58B378} = {12B06DD3-08F7-DAA4-DD63-A57C85C8140D}
	EndGlobalSection
	GlobalSection(ExtensibilityGlobals) = postSolution
		SolutionGuid = {BE2EB643-B48A-4ACA-B827-51098FA76F35}
	EndGlobalSection
EndGlobal
